
Microsoft Visual Studio Solution File, Format Version 12.00
# Visual Studio 15
VisualStudioVersion = 15.0.26228.9
MinimumVisualStudioVersion = 10.0.40219.1
Project("{FAE04EC0-301F-11D3-BF4B-00C04F79EFBC}") = "RenderingTransactions", "RenderingTransactions\RenderingTransactions.csproj", "{1CAED6BA-2F4E-45C7-96D2-E88687C4ED28}"
	ProjectSection(ProjectDependencies) = postProject
		{5464C33C-4EA5-4F29-88DF-81EB9F3A2579} = {5464C33C-4EA5-4F29-88DF-81EB9F3A2579}
		{FFAE897F-4B1A-41AF-A64F-FEF560B9AF7F} = {FFAE897F-4B1A-41AF-A64F-FEF560B9AF7F}
	EndProjectSection
EndProject
Project("{FAE04EC0-301F-11D3-BF4B-00C04F79EFBC}") = "BusinessLogic", "BusinessLogic\BusinessLogic.csproj", "{FFAE897F-4B1A-41AF-A64F-FEF560B9AF7F}"
	ProjectSection(ProjectDependencies) = postProject
		{5464C33C-4EA5-4F29-88DF-81EB9F3A2579} = {5464C33C-4EA5-4F29-88DF-81EB9F3A2579}
	EndProjectSection
EndProject
Project("{FAE04EC0-301F-11D3-BF4B-00C04F79EFBC}") = "Model", "Model\Model.csproj", "{5464C33C-4EA5-4F29-88DF-81EB9F3A2579}"
EndProject
Global
	GlobalSection(SolutionConfigurationPlatforms) = preSolution
		Debug|Any CPU = Debug|Any CPU
		Release|Any CPU = Release|Any CPU
	EndGlobalSection
	GlobalSection(ProjectConfigurationPlatforms) = postSolution
		{1CAED6BA-2F4E-45C7-96D2-E88687C4ED28}.Debug|Any CPU.ActiveCfg = Debug|Any CPU
		{1CAED6BA-2F4E-45C7-96D2-E88687C4ED28}.Debug|Any CPU.Build.0 = Debug|Any CPU
		{1CAED6BA-2F4E-45C7-96D2-E88687C4ED28}.Release|Any CPU.ActiveCfg = Release|Any CPU
		{1CAED6BA-2F4E-45C7-96D2-E88687C4ED28}.Release|Any CPU.Build.0 = Release|Any CPU
		{FFAE897F-4B1A-41AF-A64F-FEF560B9AF7F}.Debug|Any CPU.ActiveCfg = Debug|Any CPU
		{FFAE897F-4B1A-41AF-A64F-FEF560B9AF7F}.Debug|Any CPU.Build.0 = Debug|Any CPU
		{FFAE897F-4B1A-41AF-A64F-FEF560B9AF7F}.Release|Any CPU.ActiveCfg = Release|Any CPU
		{FFAE897F-4B1A-41AF-A64F-FEF560B9AF7F}.Release|Any CPU.Build.0 = Release|Any CPU
		{5464C33C-4EA5-4F29-88DF-81EB9F3A2579}.Debug|Any CPU.ActiveCfg = Debug|Any CPU
		{5464C33C-4EA5-4F29-88DF-81EB9F3A2579}.Debug|Any CPU.Build.0 = Debug|Any CPU
		{5464C33C-4EA5-4F29-88DF-81EB9F3A2579}.Release|Any CPU.ActiveCfg = Release|Any CPU
		{5464C33C-4EA5-4F29-88DF-81EB9F3A2579}.Release|Any CPU.Build.0 = Release|Any CPU
	EndGlobalSection
	GlobalSection(SolutionProperties) = preSolution
		HideSolutionNode = FALSE
	EndGlobalSection
EndGlobal
